// !$*UTF8*$!
{
	archiveVersion = 1;
	classes = {
	};
	objectVersion = 46;
	objects = {

/* Begin PBXBuildFile section */
		974936CB1B1195E80064E004 /* AppDelegate.swift in Sources */ = {isa = PBXBuildFile; fileRef = 974936CA1B1195E80064E004 /* AppDelegate.swift */; };
		974936CE1B1195E80064E004 /* GCA_MEMDIR.xcdatamodeld in Sources */ = {isa = PBXBuildFile; fileRef = 974936CC1B1195E80064E004 /* GCA_MEMDIR.xcdatamodeld */; };
		974936D01B1195E80064E004 /* ViewController.swift in Sources */ = {isa = PBXBuildFile; fileRef = 974936CF1B1195E80064E004 /* ViewController.swift */; };
		974936D31B1195E80064E004 /* Main.storyboard in Resources */ = {isa = PBXBuildFile; fileRef = 974936D11B1195E80064E004 /* Main.storyboard */; };
		974936D51B1195E80064E004 /* Images.xcassets in Resources */ = {isa = PBXBuildFile; fileRef = 974936D41B1195E80064E004 /* Images.xcassets */; };
		974936D81B1195E80064E004 /* LaunchScreen.xib in Resources */ = {isa = PBXBuildFile; fileRef = 974936D61B1195E80064E004 /* LaunchScreen.xib */; };
		974936E41B1195E80064E004 /* GCA_MEMDIRTests.swift in Sources */ = {isa = PBXBuildFile; fileRef = 974936E31B1195E80064E004 /* GCA_MEMDIRTests.swift */; };
/* End PBXBuildFile section */

/* Begin PBXContainerItemProxy section */
		974936DE1B1195E80064E004 /* PBXContainerItemProxy */ = {
			isa = PBXContainerItemProxy;
			containerPortal = 974936BD1B1195E80064E004 /* Project object */;
			proxyType = 1;
			remoteGlobalIDString = 974936C41B1195E80064E004;
			remoteInfo = "GCA-MEMDIR";
		};
/* End PBXContainerItemProxy section */

/* Begin PBXFileReference section */
		974936C51B1195E80064E004 /* GCA-MEMDIR.app */ = {isa = PBXFileReference; explicitFileType = wrapper.application; includeInIndex = 0; path = "GCA-MEMDIR.app"; sourceTree = BUILT_PRODUCTS_DIR; };
		974936C91B1195E80064E004 /* Info.plist */ = {isa = PBXFileReference; lastKnownFileType = text.plist.xml; path = Info.plist; sourceTree = "<group>"; };
		974936CA1B1195E80064E004 /* AppDelegate.swift */ = {isa = PBXFileReference; lastKnownFileType = sourcecode.swift; path = AppDelegate.swift; sourceTree = "<group>"; };
		974936CD1B1195E80064E004 /* GCA_MEMDIR.xcdatamodel */ = {isa = PBXFileReference; lastKnownFileType = wrapper.xcdatamodel; path = GCA_MEMDIR.xcdatamodel; sourceTree = "<group>"; };
		974936CF1B1195E80064E004 /* ViewController.swift */ = {isa = PBXFileReference; lastKnownFileType = sourcecode.swift; path = ViewController.swift; sourceTree = "<group>"; };
		974936D21B1195E80064E004 /* Base */ = {isa = PBXFileReference; lastKnownFileType = file.storyboard; name = Base; path = Base.lproj/Main.storyboard; sourceTree = "<group>"; };
		974936D41B1195E80064E004 /* Images.xcassets */ = {isa = PBXFileReference; lastKnownFileType = folder.assetcatalog; path = Images.xcassets; sourceTree = "<group>"; };
		974936D71B1195E80064E004 /* Base */ = {isa = PBXFileReference; lastKnownFileType = file.xib; name = Base; path = Base.lproj/LaunchScreen.xib; sourceTree = "<group>"; };
		974936DD1B1195E80064E004 /* GCA-MEMDIRTests.xctest */ = {isa = PBXFileReference; explicitFileType = wrapper.cfbundle; includeInIndex = 0; path = "GCA-MEMDIRTests.xctest"; sourceTree = BUILT_PRODUCTS_DIR; };
		974936E21B1195E80064E004 /* Info.plist */ = {isa = PBXFileReference; lastKnownFileType = text.plist.xml; path = Info.plist; sourceTree = "<group>"; };
		974936E31B1195E80064E004 /* GCA_MEMDIRTests.swift */ = {isa = PBXFileReference; lastKnownFileType = sourcecode.swift; path = GCA_MEMDIRTests.swift; sourceTree = "<group>"; };
/* End PBXFileReference section */

/* Begin PBXFrameworksBuildPhase section */
		974936C21B1195E80064E004 /* Frameworks */ = {
			isa = PBXFrameworksBuildPhase;
			buildActionMask = 2147483647;
			files = (
			);
			runOnlyForDeploymentPostprocessing = 0;
		};
		974936DA1B1195E80064E004 /* Frameworks */ = {
			isa = PBXFrameworksBuildPhase;
			buildActionMask = 2147483647;
			files = (
			);
			runOnlyForDeploymentPostprocessing = 0;
		};
/* End PBXFrameworksBuildPhase section */

/* Begin PBXGroup section */
		974936BC1B1195E80064E004 = {
			isa = PBXGroup;
			children = (
				974936C71B1195E80064E004 /* GCA-MEMDIR */,
				974936E01B1195E80064E004 /* GCA-MEMDIRTests */,
				974936C61B1195E80064E004 /* Products */,
			);
			sourceTree = "<group>";
		};
		974936C61B1195E80064E004 /* Products */ = {
			isa = PBXGroup;
			children = (
				974936C51B1195E80064E004 /* GCA-MEMDIR.app */,
				974936DD1B1195E80064E004 /* GCA-MEMDIRTests.xctest */,
			);
			name = Products;
			sourceTree = "<group>";
		};
		974936C71B1195E80064E004 /* GCA-MEMDIR */ = {
			isa = PBXGroup;
			children = (
				974936CA1B1195E80064E004 /* AppDelegate.swift */,
				974936CF1B1195E80064E004 /* ViewController.swift */,
				974936D11B1195E80064E004 /* Main.storyboard */,
				974936D41B1195E80064E004 /* Images.xcassets */,
				974936D61B1195E80064E004 /* LaunchScreen.xib */,
				974936CC1B1195E80064E004 /* GCA_MEMDIR.xcdatamodeld */,
				974936C81B1195E80064E004 /* Supporting Files */,
			);
			path = "GCA-MEMDIR";
			sourceTree = "<group>";
		};
		974936C81B1195E80064E004 /* Supporting Files */ = {
			isa = PBXGroup;
			children = (
				974936C91B1195E80064E004 /* Info.plist */,
			);
			name = "Supporting Files";
			sourceTree = "<group>";
		};
		974936E01B1195E80064E004 /* GCA-MEMDIRTests */ = {
			isa = PBXGroup;
			children = (
				974936E31B1195E80064E004 /* GCA_MEMDIRTests.swift */,
				974936E11B1195E80064E004 /* Supporting Files */,
			);
			path = "GCA-MEMDIRTests";
			sourceTree = "<group>";
		};
		974936E11B1195E80064E004 /* Supporting Files */ = {
			isa = PBXGroup;
			children = (
				974936E21B1195E80064E004 /* Info.plist */,
			);
			name = "Supporting Files";
			sourceTree = "<group>";
		};
/* End PBXGroup section */

/* Begin PBXNativeTarget section */
		974936C41B1195E80064E004 /* GCA-MEMDIR */ = {
			isa = PBXNativeTarget;
			buildConfigurationList = 974936E71B1195E80064E004 /* Build configuration list for PBXNativeTarget "GCA-MEMDIR" */;
			buildPhases = (
				974936C11B1195E80064E004 /* Sources */,
				974936C21B1195E80064E004 /* Frameworks */,
				974936C31B1195E80064E004 /* Resources */,
			);
			buildRules = (
			);
			dependencies = (
			);
			name = "GCA-MEMDIR";
			productName = "GCA-MEMDIR";
			productReference = 974936C51B1195E80064E004 /* GCA-MEMDIR.app */;
			productType = "com.apple.product-type.application";
		};
		974936DC1B1195E80064E004 /* GCA-MEMDIRTests */ = {
			isa = PBXNativeTarget;
			buildConfigurationList = 974936EA1B1195E80064E004 /* Build configuration list for PBXNativeTarget "GCA-MEMDIRTests" */;
			buildPhases = (
				974936D91B1195E80064E004 /* Sources */,
				974936DA1B1195E80064E004 /* Frameworks */,
				974936DB1B1195E80064E004 /* Resources */,
			);
			buildRules = (
			);
			dependencies = (
				974936DF1B1195E80064E004 /* PBXTargetDependency */,
			);
			name = "GCA-MEMDIRTests";
			productName = "GCA-MEMDIRTests";
			productReference = 974936DD1B1195E80064E004 /* GCA-MEMDIRTests.xctest */;
			productType = "com.apple.product-type.bundle.unit-test";
		};
/* End PBXNativeTarget section */

/* Begin PBXProject section */
		974936BD1B1195E80064E004 /* Project object */ = {
			isa = PBXProject;
			attributes = {
				LastUpgradeCheck = 0630;
				ORGANIZATIONNAME = GuamContractorsAssociation;
				TargetAttributes = {
					974936C41B1195E80064E004 = {
						CreatedOnToolsVersion = 6.3.1;
					};
					974936DC1B1195E80064E004 = {
						CreatedOnToolsVersion = 6.3.1;
						TestTargetID = 974936C41B1195E80064E004;
					};
				};
			};
			buildConfigurationList = 974936C01B1195E80064E004 /* Build configuration list for PBXProject "GCA-MEMDIR" */;
			compatibilityVersion = "Xcode 3.2";
			developmentRegion = English;
			hasScannedForEncodings = 0;
			knownRegions = (
				en,
				Base,
			);
			mainGroup = 974936BC1B1195E80064E004;
			productRefGroup = 974936C61B1195E80064E004 /* Products */;
			projectDirPath = "";
			projectRoot = "";
			targets = (
				974936C41B1195E80064E004 /* GCA-MEMDIR */,
				974936DC1B1195E80064E004 /* GCA-MEMDIRTests */,
			);
		};
/* End PBXProject section */

/* Begin PBXResourcesBuildPhase section */
		974936C31B1195E80064E004 /* Resources */ = {
			isa = PBXResourcesBuildPhase;
			buildActionMask = 2147483647;
			files = (
				974936D31B1195E80064E004 /* Main.storyboard in Resources */,
				974936D81B1195E80064E004 /* LaunchScreen.xib in Resources */,
				974936D51B1195E80064E004 /* Images.xcassets in Resources */,
			);
			runOnlyForDeploymentPostprocessing = 0;
		};
		974936DB1B1195E80064E004 /* Resources */ = {
			isa = PBXResourcesBuildPhase;
			buildActionMask = 2147483647;
			files = (
			);
			runOnlyForDeploymentPostprocessing = 0;
		};
/* End PBXResourcesBuildPhase section */

/* Begin PBXSourcesBuildPhase section */
		974936C11B1195E80064E004 /* Sources */ = {
			isa = PBXSourcesBuildPhase;
			buildActionMask = 2147483647;
			files = (
				974936D01B1195E80064E004 /* ViewController.swift in Sources */,
				974936CB1B1195E80064E004 /* AppDelegate.swift in Sources */,
				974936CE1B1195E80064E004 /* GCA_MEMDIR.xcdatamodeld in Sources */,
			);
			runOnlyForDeploymentPostprocessing = 0;
		};
		974936D91B1195E80064E004 /* Sources */ = {
			isa = PBXSourcesBuildPhase;
			buildActionMask = 2147483647;
			files = (
				974936E41B1195E80064E004 /* GCA_MEMDIRTests.swift in Sources */,
			);
			runOnlyForDeploymentPostprocessing = 0;
		};
/* End PBXSourcesBuildPhase section */

/* Begin PBXTargetDependency section */
		974936DF1B1195E80064E004 /* PBXTargetDependency */ = {
			isa = PBXTargetDependency;
			target = 974936C41B1195E80064E004 /* GCA-MEMDIR */;
			targetProxy = 974936DE1B1195E80064E004 /* PBXContainerItemProxy */;
		};
/* End PBXTargetDependency section */

/* Begin PBXVariantGroup section */
		974936D11B1195E80064E004 /* Main.storyboard */ = {
			isa = PBXVariantGroup;
			children = (
				974936D21B1195E80064E004 /* Base */,
			);
			name = Main.storyboard;
			sourceTree = "<group>";
		};
		974936D61B1195E80064E004 /* LaunchScreen.xib */ = {
			isa = PBXVariantGroup;
			children = (
				974936D71B1195E80064E004 /* Base */,
			);
			name = LaunchScreen.xib;
			sourceTree = "<group>";
		};
/* End PBXVariantGroup section */

/* Begin XCBuildConfiguration section */
		974936E51B1195E80064E004 /* Debug */ = {
			isa = XCBuildConfiguration;
			buildSettings = {
				ALWAYS_SEARCH_USER_PATHS = NO;
				CLANG_CXX_LANGUAGE_STANDARD = "gnu++0x";
				CLANG_CXX_LIBRARY = "libc++";
				CLANG_ENABLE_MODULES = YES;
				CLANG_ENABLE_OBJC_ARC = YES;
				CLANG_WARN_BOOL_CONVERSION = YES;
				CLANG_WARN_CONSTANT_CONVERSION = YES;
				CLANG_WARN_DIRECT_OBJC_ISA_USAGE = YES_ERROR;
				CLANG_WARN_EMPTY_BODY = YES;
				CLANG_WARN_ENUM_CONVERSION = YES;
				CLANG_WARN_INT_CONVERSION = YES;
				CLANG_WARN_OBJC_ROOT_CLASS = YES_ERROR;
				CLANG_WARN_UNREACHABLE_CODE = YES;
				CLANG_WARN__DUPLICATE_METHOD_MATCH = YES;
				"CODE_SIGN_IDENTITY[sdk=iphoneos*]" = "iPhone Developer";
				COPY_PHASE_STRIP = NO;
				DEBUG_INFORMATION_FORMAT = "dwarf-with-dsym";
				ENABLE_STRICT_OBJC_MSGSEND = YES;
				GCC_C_LANGUAGE_STANDARD = gnu99;
				GCC_DYNAMIC_NO_PIC = NO;
				GCC_NO_COMMON_BLOCKS = YES;
				GCC_OPTIMIZATION_LEVEL = 0;
				GCC_PREPROCESSOR_DEFINITIONS = (
					"DEBUG=1",
					"$(inherited)",
				);
				GCC_SYMBOLS_PRIVATE_EXTERN = NO;
				GCC_WARN_64_TO_32_BIT_CONVERSION = YES;
				GCC_WARN_ABOUT_RETURN_TYPE = YES_ERROR;
				GCC_WARN_UNDECLARED_SELECTOR = YES;
				GCC_WARN_UNINITIALIZED_AUTOS = YES_AGGRESSIVE;
				GCC_WARN_UNUSED_FUNCTION = YES;
				GCC_WARN_UNUSED_VARIABLE = YES;
				IPHONEOS_DEPLOYMENT_TARGET = 8.3;
				MTL_ENABLE_DEBUG_INFO = YES;
				ONLY_ACTIVE_ARCH = YES;
				SDKROOT = iphoneos;
				SWIFT_OPTIMIZATION_LEVEL = "-Onone";
			};
			name = Debug;
		};
		974936E61B1195E80064E004 /* Release */ = {
			isa = XCBuildConfiguration;
			buildSettings = {
				ALWAYS_SEARCH_USER_PATHS = NO;
				CLANG_CXX_LANGUAGE_STANDARD = "gnu++0x";
				CLANG_CXX_LIBRARY = "libc++";
				CLANG_ENABLE_MODULES = YES;
				CLANG_ENABLE_OBJC_ARC = YES;
				CLANG_WARN_BOOL_CONVERSION = YES;
				CLANG_WARN_CONSTANT_CONVERSION = YES;
				CLANG_WARN_DIRECT_OBJC_ISA_USAGE = YES_ERROR;
				CLANG_WARN_EMPTY_BODY = YES;
				CLANG_WARN_ENUM_CONVERSION = YES;
				CLANG_WARN_INT_CONVERSION = YES;
				CLANG_WARN_OBJC_ROOT_CLASS = YES_ERROR;
				CLANG_WARN_UNREACHABLE_CODE = YES;
				CLANG_WARN__DUPLICATE_METHOD_MATCH = YES;
				"CODE_SIGN_IDENTITY[sdk=iphoneos*]" = "iPhone Developer";
				COPY_PHASE_STRIP = NO;
				DEBUG_INFORMATION_FORMAT = "dwarf-with-dsym";
				ENABLE_NS_ASSERTIONS = NO;
				ENABLE_STRICT_OBJC_MSGSEND = YES;
				GCC_C_LANGUAGE_STANDARD = gnu99;
				GCC_NO_COMMON_BLOCKS = YES;
				GCC_WARN_64_TO_32_BIT_CONVERSION = YES;
				GCC_WARN_ABOUT_RETURN_TYPE = YES_ERROR;
				GCC_WARN_UNDECLARED_SELECTOR = YES;
				GCC_WARN_UNINITIALIZED_AUTOS = YES_AGGRESSIVE;
				GCC_WARN_UNUSED_FUNCTION = YES;
				GCC_WARN_UNUSED_VARIABLE = YES;
				IPHONEOS_DEPLOYMENT_TARGET = 8.3;
				MTL_ENABLE_DEBUG_INFO = NO;
				SDKROOT = iphoneos;
				VALIDATE_PRODUCT = YES;
			};
			name = Release;
		};
		974936E81B1195E80064E004 /* Debug */ = {
			isa = XCBuildConfiguration;
			buildSettings = {
				ASSETCATALOG_COMPILER_APPICON_NAME = AppIcon;
				INFOPLIST_FILE = "GCA-MEMDIR/Info.plist";
				LD_RUNPATH_SEARCH_PATHS = "$(inherited) @executable_path/Frameworks";
				PRODUCT_NAME = "$(TARGET_NAME)";
			};
			name = Debug;
		};
		974936E91B1195E80064E004 /* Release */ = {
			isa = XCBuildConfiguration;
			buildSettings = {
				ASSETCATALOG_COMPILER_APPICON_NAME = AppIcon;
				INFOPLIST_FILE = "GCA-MEMDIR/Info.plist";
				LD_RUNPATH_SEARCH_PATHS = "$(inherited) @executable_path/Frameworks";
				PRODUCT_NAME = "$(TARGET_NAME)";
			};
			name = Release;
		};
		974936EB1B1195E80064E004 /* Debug */ = {
			isa = XCBuildConfiguration;
			buildSettings = {
				BUNDLE_LOADER = "$(TEST_HOST)";
				FRAMEWORK_SEARCH_PATHS = (
					"$(SDKROOT)/Developer/Library/Frameworks",
					"$(inherited)",
				);
				GCC_PREPROCESSOR_DEFINITIONS = (
					"DEBUG=1",
					"$(inherited)",
				);
				INFOPLIST_FILE = "GCA-MEMDIRTests/Info.plist";
				LD_RUNPATH_SEARCH_PATHS = "$(inherited) @executable_path/Frameworks @loader_path/Frameworks";
				PRODUCT_NAME = "$(TARGET_NAME)";
				TEST_HOST = "$(BUILT_PRODUCTS_DIR)/GCA-MEMDIR.app/GCA-MEMDIR";
			};
			name = Debug;
		};
		974936EC1B1195E80064E004 /* Release */ = {
			isa = XCBuildConfiguration;
			buildSettings = {
				BUNDLE_LOADER = "$(TEST_HOST)";
				FRAMEWORK_SEARCH_PATHS = (
					"$(SDKROOT)/Developer/Library/Frameworks",
					"$(inherited)",
				);
				INFOPLIST_FILE = "GCA-MEMDIRTests/Info.plist";
				LD_RUNPATH_SEARCH_PATHS = "$(inherited) @executable_path/Frameworks @loader_path/Frameworks";
				PRODUCT_NAME = "$(TARGET_NAME)";
				TEST_HOST = "$(BUILT_PRODUCTS_DIR)/GCA-MEMDIR.app/GCA-MEMDIR";
			};
			name = Release;
		};
/* End XCBuildConfiguration section */

/* Begin XCConfigurationList section */
		974936C01B1195E80064E004 /* Build configuration list for PBXProject "GCA-MEMDIR" */ = {
			isa = XCConfigurationList;
			buildConfigurations = (
				974936E51B1195E80064E004 /* Debug */,
				974936E61B1195E80064E004 /* Release */,
			);
			defaultConfigurationIsVisible = 0;
			defaultConfigurationName = Release;
		};
		974936E71B1195E80064E004 /* Build configuration list for PBXNativeTarget "GCA-MEMDIR" */ = {
			isa = XCConfigurationList;
			buildConfigurations = (
				974936E81B1195E80064E004 /* Debug */,
				974936E91B1195E80064E004 /* Release */,
			);
			defaultConfigurationIsVisible = 0;
		};
		974936EA1B1195E80064E004 /* Build configuration list for PBXNativeTarget "GCA-MEMDIRTests" */ = {
			isa = XCConfigurationList;
			buildConfigurations = (
				974936EB1B1195E80064E004 /* Debug */,
				974936EC1B1195E80064E004 /* Release */,
			);
			defaultConfigurationIsVisible = 0;
		};
/* End XCConfigurationList section */

/* Begin XCVersionGroup section */
		974936CC1B1195E80064E004 /* GCA_MEMDIR.xcdatamodeld */ = {
			isa = XCVersionGroup;
			children = (
				974936CD1B1195E80064E004 /* GCA_MEMDIR.xcdatamodel */,
			);
			currentVersion = 974936CD1B1195E80064E004 /* GCA_MEMDIR.xcdatamodel */;
			path = GCA_MEMDIR.xcdatamodeld;
			sourceTree = "<group>";
			versionGroupType = wrapper.xcdatamodel;
		};
/* End XCVersionGroup section */
	};
	rootObject = 974936BD1B1195E80064E004 /* Project object */;
}
